
Microsoft Visual Studio Solution File, Format Version 11.00
# Visual Studio 2010
Project("{FAE04EC0-301F-11D3-BF4B-00C04F79EFBC}") = "TideRedo", "Assembly-CSharp.csproj", "{3D198D43-C79F-3435-BFA5-7596B6FD5666}"
EndProject
Project("{FAE04EC0-301F-11D3-BF4B-00C04F79EFBC}") = "TideRedo", "Assembly-CSharp-Editor.csproj", "{6B82052D-56BF-996A-A0BC-601C354D6DB1}"
EndProject
Global
	GlobalSection(SolutionConfigurationPlatforms) = preSolution
		Debug|Any CPU = Debug|Any CPU
		Release|Any CPU = Release|Any CPU
	EndGlobalSection
	GlobalSection(ProjectConfigurationPlatforms) = postSolution
		{3D198D43-C79F-3435-BFA5-7596B6FD5666}.Debug|Any CPU.ActiveCfg = Debug|Any CPU
		{3D198D43-C79F-3435-BFA5-7596B6FD5666}.Debug|Any CPU.Build.0 = Debug|Any CPU
		{3D198D43-C79F-3435-BFA5-7596B6FD5666}.Release|Any CPU.ActiveCfg = Release|Any CPU
		{3D198D43-C79F-3435-BFA5-7596B6FD5666}.Release|Any CPU.Build.0 = Release|Any CPU
		{6B82052D-56BF-996A-A0BC-601C354D6DB1}.Debug|Any CPU.ActiveCfg = Debug|Any CPU
		{6B82052D-56BF-996A-A0BC-601C354D6DB1}.Debug|Any CPU.Build.0 = Debug|Any CPU
		{6B82052D-56BF-996A-A0BC-601C354D6DB1}.Release|Any CPU.ActiveCfg = Release|Any CPU
		{6B82052D-56BF-996A-A0BC-601C354D6DB1}.Release|Any CPU.Build.0 = Release|Any CPU
	EndGlobalSection
	GlobalSection(SolutionProperties) = preSolution
		HideSolutionNode = FALSE
	EndGlobalSection
	GlobalSection(MonoDevelopProperties) = preSolution
		StartupItem = Assembly-CSharp.csproj
	EndGlobalSection
EndGlobal
